
Microsoft Visual Studio Solution File, Format Version 12.00
# Visual Studio 15
VisualStudioVersion = 15.0.28307.136
MinimumVisualStudioVersion = 10.0.40219.1
Project("{FAE04EC0-301F-11D3-BF4B-00C04F79EFBC}") = "P01-CubicArtillery", "P01-CubicArtillery\P01-CubicArtillery.csproj", "{A5FED833-2C02-4B5D-93BF-B1C2BEEC5CD9}"
EndProject
Project("{FAE04EC0-301F-11D3-BF4B-00C04F79EFBC}") = "P02-CubicsRube", "P02-CubicsRube\P02-CubicsRube.csproj", "{43B9CA0F-FCE3-436B-81DE-B19E6F55654F}"
EndProject
Project("{FAE04EC0-301F-11D3-BF4B-00C04F79EFBC}") = "P03-CubicAssault", "P03-CubicAssault\P03-CubicAssault.csproj", "{855228C8-2E9D-49C6-9653-C2A0A7F45AE0}"
EndProject
Global
	GlobalSection(SolutionConfigurationPlatforms) = preSolution
		Debug|Any CPU = Debug|Any CPU
		Release|Any CPU = Release|Any CPU
	EndGlobalSection
	GlobalSection(ProjectConfigurationPlatforms) = postSolution
		{A5FED833-2C02-4B5D-93BF-B1C2BEEC5CD9}.Debug|Any CPU.ActiveCfg = Debug|Any CPU
		{A5FED833-2C02-4B5D-93BF-B1C2BEEC5CD9}.Debug|Any CPU.Build.0 = Debug|Any CPU
		{A5FED833-2C02-4B5D-93BF-B1C2BEEC5CD9}.Release|Any CPU.ActiveCfg = Release|Any CPU
		{A5FED833-2C02-4B5D-93BF-B1C2BEEC5CD9}.Release|Any CPU.Build.0 = Release|Any CPU
		{43B9CA0F-FCE3-436B-81DE-B19E6F55654F}.Debug|Any CPU.ActiveCfg = Debug|Any CPU
		{43B9CA0F-FCE3-436B-81DE-B19E6F55654F}.Debug|Any CPU.Build.0 = Debug|Any CPU
		{43B9CA0F-FCE3-436B-81DE-B19E6F55654F}.Release|Any CPU.ActiveCfg = Release|Any CPU
		{43B9CA0F-FCE3-436B-81DE-B19E6F55654F}.Release|Any CPU.Build.0 = Release|Any CPU
		{855228C8-2E9D-49C6-9653-C2A0A7F45AE0}.Debug|Any CPU.ActiveCfg = Debug|Any CPU
		{855228C8-2E9D-49C6-9653-C2A0A7F45AE0}.Debug|Any CPU.Build.0 = Debug|Any CPU
		{855228C8-2E9D-49C6-9653-C2A0A7F45AE0}.Release|Any CPU.ActiveCfg = Release|Any CPU
		{855228C8-2E9D-49C6-9653-C2A0A7F45AE0}.Release|Any CPU.Build.0 = Release|Any CPU
	EndGlobalSection
	GlobalSection(SolutionProperties) = preSolution
		HideSolutionNode = FALSE
	EndGlobalSection
	GlobalSection(ExtensibilityGlobals) = postSolution
		SolutionGuid = {9C50D40E-2902-42FA-9109-2C7788260C1A}
	EndGlobalSection
EndGlobal
