
Microsoft Visual Studio Solution File, Format Version 12.00
# Visual Studio 15
VisualStudioVersion = 15.0.28307.136
MinimumVisualStudioVersion = 10.0.40219.1
Project("{9A19103F-16F7-4668-BE54-9A1E7A4F7556}") = "P01-ArrangeNumbers", "P01-ArrangeNumbers\P01-ArrangeNumbers.csproj", "{0A94026F-B104-4F9E-9635-F0216E174D21}"
EndProject
Project("{9A19103F-16F7-4668-BE54-9A1E7A4F7556}") = "P02-Monopoly", "P02-Monopoly\P02-Monopoly.csproj", "{58A33645-FDBE-4CBD-B094-63DDBDC8A923}"
EndProject
Project("{FAE04EC0-301F-11D3-BF4B-00C04F79EFBC}") = "P04-ChampionsLeague", "P04-ChampionsLeague\P04-ChampionsLeague.csproj", "{C85397E6-11AB-4E57-A9C7-347570DED72B}"
EndProject
Global
	GlobalSection(SolutionConfigurationPlatforms) = preSolution
		Debug|Any CPU = Debug|Any CPU
		Release|Any CPU = Release|Any CPU
	EndGlobalSection
	GlobalSection(ProjectConfigurationPlatforms) = postSolution
		{0A94026F-B104-4F9E-9635-F0216E174D21}.Debug|Any CPU.ActiveCfg = Debug|Any CPU
		{0A94026F-B104-4F9E-9635-F0216E174D21}.Debug|Any CPU.Build.0 = Debug|Any CPU
		{0A94026F-B104-4F9E-9635-F0216E174D21}.Release|Any CPU.ActiveCfg = Release|Any CPU
		{0A94026F-B104-4F9E-9635-F0216E174D21}.Release|Any CPU.Build.0 = Release|Any CPU
		{58A33645-FDBE-4CBD-B094-63DDBDC8A923}.Debug|Any CPU.ActiveCfg = Debug|Any CPU
		{58A33645-FDBE-4CBD-B094-63DDBDC8A923}.Debug|Any CPU.Build.0 = Debug|Any CPU
		{58A33645-FDBE-4CBD-B094-63DDBDC8A923}.Release|Any CPU.ActiveCfg = Release|Any CPU
		{58A33645-FDBE-4CBD-B094-63DDBDC8A923}.Release|Any CPU.Build.0 = Release|Any CPU
		{C85397E6-11AB-4E57-A9C7-347570DED72B}.Debug|Any CPU.ActiveCfg = Debug|Any CPU
		{C85397E6-11AB-4E57-A9C7-347570DED72B}.Debug|Any CPU.Build.0 = Debug|Any CPU
		{C85397E6-11AB-4E57-A9C7-347570DED72B}.Release|Any CPU.ActiveCfg = Release|Any CPU
		{C85397E6-11AB-4E57-A9C7-347570DED72B}.Release|Any CPU.Build.0 = Release|Any CPU
	EndGlobalSection
	GlobalSection(SolutionProperties) = preSolution
		HideSolutionNode = FALSE
	EndGlobalSection
	GlobalSection(ExtensibilityGlobals) = postSolution
		SolutionGuid = {0809873E-0C30-434F-87DF-417E3709FDF9}
	EndGlobalSection
EndGlobal
