
Microsoft Visual Studio Solution File, Format Version 12.00
# Visual Studio 15
VisualStudioVersion = 15.0.28307.136
MinimumVisualStudioVersion = 10.0.40219.1
Project("{FAE04EC0-301F-11D3-BF4B-00C04F79EFBC}") = "P01-ClubParty", "P01-ClubParty\P01-ClubParty.csproj", "{8EBDD188-763F-425E-BBFE-7113D994AEF2}"
EndProject
Project("{FAE04EC0-301F-11D3-BF4B-00C04F79EFBC}") = "P02-TronRacers", "P02-TronRacers\P02-TronRacers.csproj", "{0E62C204-2D9F-476D-A62D-E590CD44BF2D}"
EndProject
Project("{FAE04EC0-301F-11D3-BF4B-00C04F79EFBC}") = "P03-Heroes", "P03-Heroes\P03-Heroes.csproj", "{72DD4C22-0AE3-493D-8A26-A97C172B3248}"
EndProject
Global
	GlobalSection(SolutionConfigurationPlatforms) = preSolution
		Debug|Any CPU = Debug|Any CPU
		Release|Any CPU = Release|Any CPU
	EndGlobalSection
	GlobalSection(ProjectConfigurationPlatforms) = postSolution
		{8EBDD188-763F-425E-BBFE-7113D994AEF2}.Debug|Any CPU.ActiveCfg = Debug|Any CPU
		{8EBDD188-763F-425E-BBFE-7113D994AEF2}.Debug|Any CPU.Build.0 = Debug|Any CPU
		{8EBDD188-763F-425E-BBFE-7113D994AEF2}.Release|Any CPU.ActiveCfg = Release|Any CPU
		{8EBDD188-763F-425E-BBFE-7113D994AEF2}.Release|Any CPU.Build.0 = Release|Any CPU
		{0E62C204-2D9F-476D-A62D-E590CD44BF2D}.Debug|Any CPU.ActiveCfg = Debug|Any CPU
		{0E62C204-2D9F-476D-A62D-E590CD44BF2D}.Debug|Any CPU.Build.0 = Debug|Any CPU
		{0E62C204-2D9F-476D-A62D-E590CD44BF2D}.Release|Any CPU.ActiveCfg = Release|Any CPU
		{0E62C204-2D9F-476D-A62D-E590CD44BF2D}.Release|Any CPU.Build.0 = Release|Any CPU
		{72DD4C22-0AE3-493D-8A26-A97C172B3248}.Debug|Any CPU.ActiveCfg = Debug|Any CPU
		{72DD4C22-0AE3-493D-8A26-A97C172B3248}.Debug|Any CPU.Build.0 = Debug|Any CPU
		{72DD4C22-0AE3-493D-8A26-A97C172B3248}.Release|Any CPU.ActiveCfg = Release|Any CPU
		{72DD4C22-0AE3-493D-8A26-A97C172B3248}.Release|Any CPU.Build.0 = Release|Any CPU
	EndGlobalSection
	GlobalSection(SolutionProperties) = preSolution
		HideSolutionNode = FALSE
	EndGlobalSection
	GlobalSection(ExtensibilityGlobals) = postSolution
		SolutionGuid = {02D95251-5EE1-4048-87EB-54C0A846FB6D}
	EndGlobalSection
EndGlobal
