
Microsoft Visual Studio Solution File, Format Version 12.00
# Visual Studio 15
VisualStudioVersion = 15.0.28307.136
MinimumVisualStudioVersion = 10.0.40219.1
Project("{FAE04EC0-301F-11D3-BF4B-00C04F79EFBC}") = "P01-Socks", "P01-Socks\P01-Socks.csproj", "{EFA9AE6B-535D-4ADB-AB14-711F96B029E6}"
EndProject
Project("{FAE04EC0-301F-11D3-BF4B-00C04F79EFBC}") = "P02-ExcelFunctions", "P02-ExcelFunctions\P02-ExcelFunctions.csproj", "{A563C4CC-3701-4619-9A7D-6595093DFC27}"
EndProject
Project("{FAE04EC0-301F-11D3-BF4B-00C04F79EFBC}") = "P03-Repository", "P03-Repository\P03-Repository.csproj", "{696331CD-24B6-46F1-9F44-E936B426FA4E}"
EndProject
Global
	GlobalSection(SolutionConfigurationPlatforms) = preSolution
		Debug|Any CPU = Debug|Any CPU
		Release|Any CPU = Release|Any CPU
	EndGlobalSection
	GlobalSection(ProjectConfigurationPlatforms) = postSolution
		{EFA9AE6B-535D-4ADB-AB14-711F96B029E6}.Debug|Any CPU.ActiveCfg = Debug|Any CPU
		{EFA9AE6B-535D-4ADB-AB14-711F96B029E6}.Debug|Any CPU.Build.0 = Debug|Any CPU
		{EFA9AE6B-535D-4ADB-AB14-711F96B029E6}.Release|Any CPU.ActiveCfg = Release|Any CPU
		{EFA9AE6B-535D-4ADB-AB14-711F96B029E6}.Release|Any CPU.Build.0 = Release|Any CPU
		{A563C4CC-3701-4619-9A7D-6595093DFC27}.Debug|Any CPU.ActiveCfg = Debug|Any CPU
		{A563C4CC-3701-4619-9A7D-6595093DFC27}.Debug|Any CPU.Build.0 = Debug|Any CPU
		{A563C4CC-3701-4619-9A7D-6595093DFC27}.Release|Any CPU.ActiveCfg = Release|Any CPU
		{A563C4CC-3701-4619-9A7D-6595093DFC27}.Release|Any CPU.Build.0 = Release|Any CPU
		{696331CD-24B6-46F1-9F44-E936B426FA4E}.Debug|Any CPU.ActiveCfg = Debug|Any CPU
		{696331CD-24B6-46F1-9F44-E936B426FA4E}.Debug|Any CPU.Build.0 = Debug|Any CPU
		{696331CD-24B6-46F1-9F44-E936B426FA4E}.Release|Any CPU.ActiveCfg = Release|Any CPU
		{696331CD-24B6-46F1-9F44-E936B426FA4E}.Release|Any CPU.Build.0 = Release|Any CPU
	EndGlobalSection
	GlobalSection(SolutionProperties) = preSolution
		HideSolutionNode = FALSE
	EndGlobalSection
	GlobalSection(ExtensibilityGlobals) = postSolution
		SolutionGuid = {5F71F8AF-5905-4181-B5D9-A44E7B5F4225}
	EndGlobalSection
EndGlobal
